{
  "name": "c-3po-cli",
  "version": "0.1.0",
  "lockfileVersion": 1,
  "requires": true,
  "dependencies": {
    "c-3po": {
      "version": "0.7.2",
      "resolved": "https://registry.npmjs.org/c-3po/-/c-3po-0.7.2.tgz",
      "integrity": "sha512-J8n+BreltQ0674POQHAASoH0NhQEkGlMfI7Agvbsnkz23mBQRyhcRIGqHZ083gnnKTvXfPrDiB3D0o5Nmh2PfA==",
      "requires": {
        "dedent": "0.7.0",
        "gettext-parser": "1.2.2"
      },
      "dependencies": {
        "gettext-parser": {
          "version": "1.2.2",
          "resolved": "https://registry.npmjs.org/gettext-parser/-/gettext-parser-1.2.2.tgz",
          "integrity": "sha1-HvDadcHnWa4wicc++k0Z5AKYdI4=",
          "requires": {
            "encoding": "0.1.12"
          }
        }
      }
    },
    "dedent": {
      "version": "0.7.0",
      "resolved": "https://registry.npmjs.org/dedent/-/dedent-0.7.0.tgz",
      "integrity": "sha1-JJXduvbrh0q7Dhvp3yLS5aVEMmw="
    },
    "encoding": {
      "version": "0.1.12",
      "resolved": "https://registry.npmjs.org/encoding/-/encoding-0.1.12.tgz",
      "integrity": "sha1-U4tm8+5izRq1HsMjgp0flIDHS+s=",
      "requires": {
        "iconv-lite": "0.4.19"
      }
    },
    "iconv-lite": {
      "version": "0.4.19",
      "resolved": "https://registry.npmjs.org/iconv-lite/-/iconv-lite-0.4.19.tgz",
      "integrity": "sha512-oTZqweIP51xaGPI4uPa56/Pri/480R+mo7SeU+YETByQNhDG55ycFyNLIgta9vXhILrxXDmF7ZGhqZIcuN0gJQ=="
    }
  }
}
